// !$*UTF8*$!
{
	archiveVersion = 1;
	classes = {
	};
	objectVersion = 48;
	objects = {

/* Begin PBXBuildFile section */
		FF34E026204554F7003D0D59 /* AppDelegate.m in Sources */ = {isa = PBXBuildFile; fileRef = FF34E025204554F7003D0D59 /* AppDelegate.m */; };
		FF34E029204554F7003D0D59 /* ViewController.m in Sources */ = {isa = PBXBuildFile; fileRef = FF34E028204554F7003D0D59 /* ViewController.m */; };
		FF34E02C204554F7003D0D59 /* Main.storyboard in Resources */ = {isa = PBXBuildFile; fileRef = FF34E02A204554F7003D0D59 /* Main.storyboard */; };
		FF34E02E204554F7003D0D59 /* Assets.xcassets in Resources */ = {isa = PBXBuildFile; fileRef = FF34E02D204554F7003D0D59 /* Assets.xcassets */; };
		FF34E031204554F7003D0D59 /* LaunchScreen.storyboard in Resources */ = {isa = PBXBuildFile; fileRef = FF34E02F204554F7003D0D59 /* LaunchScreen.storyboard */; };
		FF34E034204554F7003D0D59 /* main.m in Sources */ = {isa = PBXBuildFile; fileRef = FF34E033204554F7003D0D59 /* main.m */; };
/* End PBXBuildFile section */

/* Begin PBXFileReference section */
		FF34E021204554F7003D0D59 /* FootballScoreVIP.app */ = {isa = PBXFileReference; explicitFileType = wrapper.application; includeInIndex = 0; path = FootballScoreVIP.app; sourceTree = BUILT_PRODUCTS_DIR; };
		FF34E024204554F7003D0D59 /* AppDelegate.h */ = {isa = PBXFileReference; lastKnownFileType = sourcecode.c.h; path = AppDelegate.h; sourceTree = "<group>"; };
		FF34E025204554F7003D0D59 /* AppDelegate.m */ = {isa = PBXFileReference; lastKnownFileType = sourcecode.c.objc; path = AppDelegate.m; sourceTree = "<group>"; };
		FF34E027204554F7003D0D59 /* ViewController.h */ = {isa = PBXFileReference; lastKnownFileType = sourcecode.c.h; path = ViewController.h; sourceTree = "<group>"; };
		FF34E028204554F7003D0D59 /* ViewController.m */ = {isa = PBXFileReference; lastKnownFileType = sourcecode.c.objc; path = ViewController.m; sourceTree = "<group>"; };
		FF34E02B204554F7003D0D59 /* Base */ = {isa = PBXFileReference; lastKnownFileType = file.storyboard; name = Base; path = Base.lproj/Main.storyboard; sourceTree = "<group>"; };
		FF34E02D204554F7003D0D59 /* Assets.xcassets */ = {isa = PBXFileReference; lastKnownFileType = folder.assetcatalog; path = Assets.xcassets; sourceTree = "<group>"; };
		FF34E030204554F7003D0D59 /* Base */ = {isa = PBXFileReference; lastKnownFileType = file.storyboard; name = Base; path = Base.lproj/LaunchScreen.storyboard; sourceTree = "<group>"; };
		FF34E032204554F7003D0D59 /* Info.plist */ = {isa = PBXFileReference; lastKnownFileType = text.plist.xml; path = Info.plist; sourceTree = "<group>"; };
		FF34E033204554F7003D0D59 /* main.m */ = {isa = PBXFileReference; lastKnownFileType = sourcecode.c.objc; path = main.m; sourceTree = "<group>"; };
/* End PBXFileReference section */

/* Begin PBXFrameworksBuildPhase section */
		FF34E01E204554F7003D0D59 /* Frameworks */ = {
			isa = PBXFrameworksBuildPhase;
			buildActionMask = 2147483647;
			files = (
			);
			runOnlyForDeploymentPostprocessing = 0;
		};
/* End PBXFrameworksBuildPhase section */

/* Begin PBXGroup section */
		FF34E018204554F7003D0D59 = {
			isa = PBXGroup;
			children = (
				FF34E023204554F7003D0D59 /* FootballScoreVIP */,
				FF34E022204554F7003D0D59 /* Products */,
			);
			sourceTree = "<group>";
		};
		FF34E022204554F7003D0D59 /* Products */ = {
			isa = PBXGroup;
			children = (
				FF34E021204554F7003D0D59 /* FootballScoreVIP.app */,
			);
			name = Products;
			sourceTree = "<group>";
		};
		FF34E023204554F7003D0D59 /* FootballScoreVIP */ = {
			isa = PBXGroup;
			children = (
				FF34E024204554F7003D0D59 /* AppDelegate.h */,
				FF34E025204554F7003D0D59 /* AppDelegate.m */,
				FF34E027204554F7003D0D59 /* ViewController.h */,
				FF34E028204554F7003D0D59 /* ViewController.m */,
				FF34E02A204554F7003D0D59 /* Main.storyboard */,
				FF34E02D204554F7003D0D59 /* Assets.xcassets */,
				FF34E02F204554F7003D0D59 /* LaunchScreen.storyboard */,
				FF34E032204554F7003D0D59 /* Info.plist */,
				FF34E033204554F7003D0D59 /* main.m */,
			);
			path = FootballScoreVIP;
			sourceTree = "<group>";
		};
/* End PBXGroup section */

/* Begin PBXNativeTarget section */
		FF34E020204554F7003D0D59 /* FootballScoreVIP */ = {
			isa = PBXNativeTarget;
			buildConfigurationList = FF34E037204554F7003D0D59 /* Build configuration list for PBXNativeTarget "FootballScoreVIP" */;
			buildPhases = (
				FF34E01D204554F7003D0D59 /* Sources */,
				FF34E01E204554F7003D0D59 /* Frameworks */,
				FF34E01F204554F7003D0D59 /* Resources */,
			);
			buildRules = (
			);
			dependencies = (
			);
			name = FootballScoreVIP;
			productName = FootballScoreVIP;
			productReference = FF34E021204554F7003D0D59 /* FootballScoreVIP.app */;
			productType = "com.apple.product-type.application";
		};
/* End PBXNativeTarget section */

/* Begin PBXProject section */
		FF34E019204554F7003D0D59 /* Project object */ = {
			isa = PBXProject;
			attributes = {
				LastUpgradeCheck = 0920;
				ORGANIZATIONNAME = MG;
				TargetAttributes = {
					FF34E020204554F7003D0D59 = {
						CreatedOnToolsVersion = 9.2;
						ProvisioningStyle = Automatic;
					};
				};
			};
			buildConfigurationList = FF34E01C204554F7003D0D59 /* Build configuration list for PBXProject "FootballScoreVIP" */;
			compatibilityVersion = "Xcode 8.0";
			developmentRegion = en;
			hasScannedForEncodings = 0;
			knownRegions = (
				en,
				Base,
			);
			mainGroup = FF34E018204554F7003D0D59;
			productRefGroup = FF34E022204554F7003D0D59 /* Products */;
			projectDirPath = "";
			projectRoot = "";
			targets = (
				FF34E020204554F7003D0D59 /* FootballScoreVIP */,
			);
		};
/* End PBXProject section */

/* Begin PBXResourcesBuildPhase section */
		FF34E01F204554F7003D0D59 /* Resources */ = {
			isa = PBXResourcesBuildPhase;
			buildActionMask = 2147483647;
			files = (
				FF34E031204554F7003D0D59 /* LaunchScreen.storyboard in Resources */,
				FF34E02E204554F7003D0D59 /* Assets.xcassets in Resources */,
				FF34E02C204554F7003D0D59 /* Main.storyboard in Resources */,
			);
			runOnlyForDeploymentPostprocessing = 0;
		};
/* End PBXResourcesBuildPhase section */

/* Begin PBXSourcesBuildPhase section */
		FF34E01D204554F7003D0D59 /* Sources */ = {
			isa = PBXSourcesBuildPhase;
			buildActionMask = 2147483647;
			files = (
				FF34E029204554F7003D0D59 /* ViewController.m in Sources */,
				FF34E034204554F7003D0D59 /* main.m in Sources */,
				FF34E026204554F7003D0D59 /* AppDelegate.m in Sources */,
			);
			runOnlyForDeploymentPostprocessing = 0;
		};
/* End PBXSourcesBuildPhase section */

/* Begin PBXVariantGroup section */
		FF34E02A204554F7003D0D59 /* Main.storyboard */ = {
			isa = PBXVariantGroup;
			children = (
				FF34E02B204554F7003D0D59 /* Base */,
			);
			name = Main.storyboard;
			sourceTree = "<group>";
		};
		FF34E02F204554F7003D0D59 /* LaunchScreen.storyboard */ = {
			isa = PBXVariantGroup;
			children = (
				FF34E030204554F7003D0D59 /* Base */,
			);
			name = LaunchScreen.storyboard;
			sourceTree = "<group>";
		};
/* End PBXVariantGroup section */

/* Begin XCBuildConfiguration section */
		FF34E035204554F7003D0D59 /* Debug */ = {
			isa = XCBuildConfiguration;
			buildSettings = {
				ALWAYS_SEARCH_USER_PATHS = NO;
				CLANG_ANALYZER_NONNULL = YES;
				CLANG_ANALYZER_NUMBER_OBJECT_CONVERSION = YES_AGGRESSIVE;
				CLANG_CXX_LANGUAGE_STANDARD = "gnu++14";
				CLANG_CXX_LIBRARY = "libc++";
				CLANG_ENABLE_MODULES = YES;
				CLANG_ENABLE_OBJC_ARC = YES;
				CLANG_WARN_BLOCK_CAPTURE_AUTORELEASING = YES;
				CLANG_WARN_BOOL_CONVERSION = YES;
				CLANG_WARN_COMMA = YES;
				CLANG_WARN_CONSTANT_CONVERSION = YES;
				CLANG_WARN_DIRECT_OBJC_ISA_USAGE = YES_ERROR;
				CLANG_WARN_DOCUMENTATION_COMMENTS = YES;
				CLANG_WARN_EMPTY_BODY = YES;
				CLANG_WARN_ENUM_CONVERSION = YES;
				CLANG_WARN_INFINITE_RECURSION = YES;
				CLANG_WARN_INT_CONVERSION = YES;
				CLANG_WARN_NON_LITERAL_NULL_CONVERSION = YES;
				CLANG_WARN_OBJC_LITERAL_CONVERSION = YES;
				CLANG_WARN_OBJC_ROOT_CLASS = YES_ERROR;
				CLANG_WARN_RANGE_LOOP_ANALYSIS = YES;
				CLANG_WARN_STRICT_PROTOTYPES = YES;
				CLANG_WARN_SUSPICIOUS_MOVE = YES;
				CLANG_WARN_UNGUARDED_AVAILABILITY = YES_AGGRESSIVE;
				CLANG_WARN_UNREACHABLE_CODE = YES;
				CLANG_WARN__DUPLICATE_METHOD_MATCH = YES;
				CODE_SIGN_IDENTITY = "iPhone Developer";
				COPY_PHASE_STRIP = NO;
				DEBUG_INFORMATION_FORMAT = dwarf;
				ENABLE_STRICT_OBJC_MSGSEND = YES;
				ENABLE_TESTABILITY = YES;
				GCC_C_LANGUAGE_STANDARD = gnu11;
				GCC_DYNAMIC_NO_PIC = NO;
				GCC_NO_COMMON_BLOCKS = YES;
				GCC_OPTIMIZATION_LEVEL = 0;
				GCC_PREPROCESSOR_DEFINITIONS = (
					"DEBUG=1",
					"$(inherited)",
				);
				GCC_WARN_64_TO_32_BIT_CONVERSION = YES;
				GCC_WARN_ABOUT_RETURN_TYPE = YES_ERROR;
				GCC_WARN_UNDECLARED_SELECTOR = YES;
				GCC_WARN_UNINITIALIZED_AUTOS = YES_AGGRESSIVE;
				GCC_WARN_UNUSED_FUNCTION = YES;
				GCC_WARN_UNUSED_VARIABLE = YES;
				IPHONEOS_DEPLOYMENT_TARGET = 11.2;
				MTL_ENABLE_DEBUG_INFO = YES;
				ONLY_ACTIVE_ARCH = YES;
				SDKROOT = iphoneos;
			};
			name = Debug;
		};
		FF34E036204554F7003D0D59 /* Release */ = {
			isa = XCBuildConfiguration;
			buildSettings = {
				ALWAYS_SEARCH_USER_PATHS = NO;
				CLANG_ANALYZER_NONNULL = YES;
				CLANG_ANALYZER_NUMBER_OBJECT_CONVERSION = YES_AGGRESSIVE;
				CLANG_CXX_LANGUAGE_STANDARD = "gnu++14";
				CLANG_CXX_LIBRARY = "libc++";
				CLANG_ENABLE_MODULES = YES;
				CLANG_ENABLE_OBJC_ARC = YES;
				CLANG_WARN_BLOCK_CAPTURE_AUTORELEASING = YES;
				CLANG_WARN_BOOL_CONVERSION = YES;
				CLANG_WARN_COMMA = YES;
				CLANG_WARN_CONSTANT_CONVERSION = YES;
				CLANG_WARN_DIRECT_OBJC_ISA_USAGE = YES_ERROR;
				CLANG_WARN_DOCUMENTATION_COMMENTS = YES;
				CLANG_WARN_EMPTY_BODY = YES;
				CLANG_WARN_ENUM_CONVERSION = YES;
				CLANG_WARN_INFINITE_RECURSION = YES;
				CLANG_WARN_INT_CONVERSION = YES;
				CLANG_WARN_NON_LITERAL_NULL_CONVERSION = YES;
				CLANG_WARN_OBJC_LITERAL_CONVERSION = YES;
				CLANG_WARN_OBJC_ROOT_CLASS = YES_ERROR;
				CLANG_WARN_RANGE_LOOP_ANALYSIS = YES;
				CLANG_WARN_STRICT_PROTOTYPES = YES;
				CLANG_WARN_SUSPICIOUS_MOVE = YES;
				CLANG_WARN_UNGUARDED_AVAILABILITY = YES_AGGRESSIVE;
				CLANG_WARN_UNREACHABLE_CODE = YES;
				CLANG_WARN__DUPLICATE_METHOD_MATCH = YES;
				CODE_SIGN_IDENTITY = "iPhone Developer";
				COPY_PHASE_STRIP = NO;
				DEBUG_INFORMATION_FORMAT = "dwarf-with-dsym";
				ENABLE_NS_ASSERTIONS = NO;
				ENABLE_STRICT_OBJC_MSGSEND = YES;
				GCC_C_LANGUAGE_STANDARD = gnu11;
				GCC_NO_COMMON_BLOCKS = YES;
				GCC_WARN_64_TO_32_BIT_CONVERSION = YES;
				GCC_WARN_ABOUT_RETURN_TYPE = YES_ERROR;
				GCC_WARN_UNDECLARED_SELECTOR = YES;
				GCC_WARN_UNINITIALIZED_AUTOS = YES_AGGRESSIVE;
				GCC_WARN_UNUSED_FUNCTION = YES;
				GCC_WARN_UNUSED_VARIABLE = YES;
				IPHONEOS_DEPLOYMENT_TARGET = 11.2;
				MTL_ENABLE_DEBUG_INFO = NO;
				SDKROOT = iphoneos;
				VALIDATE_PRODUCT = YES;
			};
			name = Release;
		};
		FF34E038204554F7003D0D59 /* Debug */ = {
			isa = XCBuildConfiguration;
			buildSettings = {
				ASSETCATALOG_COMPILER_APPICON_NAME = AppIcon;
				CODE_SIGN_STYLE = Automatic;
				DEVELOPMENT_TEAM = 7F3QQKKLR9;
				INFOPLIST_FILE = FootballScoreVIP/Info.plist;
				LD_RUNPATH_SEARCH_PATHS = "$(inherited) @executable_path/Frameworks";
				PRODUCT_BUNDLE_IDENTIFIER = com.MG.FootballScoreVIP;
				PRODUCT_NAME = "$(TARGET_NAME)";
				TARGETED_DEVICE_FAMILY = "1,2";
			};
			name = Debug;
		};
		FF34E039204554F7003D0D59 /* Release */ = {
			isa = XCBuildConfiguration;
			buildSettings = {
				ASSETCATALOG_COMPILER_APPICON_NAME = AppIcon;
				CODE_SIGN_STYLE = Automatic;
				DEVELOPMENT_TEAM = 7F3QQKKLR9;
				INFOPLIST_FILE = FootballScoreVIP/Info.plist;
				LD_RUNPATH_SEARCH_PATHS = "$(inherited) @executable_path/Frameworks";
				PRODUCT_BUNDLE_IDENTIFIER = com.MG.FootballScoreVIP;
				PRODUCT_NAME = "$(TARGET_NAME)";
				TARGETED_DEVICE_FAMILY = "1,2";
			};
			name = Release;
		};
/* End XCBuildConfiguration section */

/* Begin XCConfigurationList section */
		FF34E01C204554F7003D0D59 /* Build configuration list for PBXProject "FootballScoreVIP" */ = {
			isa = XCConfigurationList;
			buildConfigurations = (
				FF34E035204554F7003D0D59 /* Debug */,
				FF34E036204554F7003D0D59 /* Release */,
			);
			defaultConfigurationIsVisible = 0;
			defaultConfigurationName = Release;
		};
		FF34E037204554F7003D0D59 /* Build configuration list for PBXNativeTarget "FootballScoreVIP" */ = {
			isa = XCConfigurationList;
			buildConfigurations = (
				FF34E038204554F7003D0D59 /* Debug */,
				FF34E039204554F7003D0D59 /* Release */,
			);
			defaultConfigurationIsVisible = 0;
			defaultConfigurationName = Release;
		};
/* End XCConfigurationList section */
	};
	rootObject = FF34E019204554F7003D0D59 /* Project object */;
}
